// !$*UTF8*$!
{
	archiveVersion = 1;
	classes = {
	};
	objectVersion = 51;
	objects = {

/* Begin PBXBuildFile section */
		1F617ECA5BF080471668983A /* Pods_Instagram.framework in Frameworks */ = {isa = PBXBuildFile; fileRef = 9BA9D8B3845E9BB5C3D1D6EC /* Pods_Instagram.framework */; };
		FF9A0A20244E99DE00CF3308 /* AppDelegate.swift in Sources */ = {isa = PBXBuildFile; fileRef = FF9A0A1F244E99DE00CF3308 /* AppDelegate.swift */; };
		FF9A0A22244E99DE00CF3308 /* SceneDelegate.swift in Sources */ = {isa = PBXBuildFile; fileRef = FF9A0A21244E99DE00CF3308 /* SceneDelegate.swift */; };
		FF9A0A27244E99DE00CF3308 /* Main.storyboard in Resources */ = {isa = PBXBuildFile; fileRef = FF9A0A25244E99DE00CF3308 /* Main.storyboard */; };
		FF9A0A29244E99E000CF3308 /* Assets.xcassets in Resources */ = {isa = PBXBuildFile; fileRef = FF9A0A28244E99E000CF3308 /* Assets.xcassets */; };
		FF9A0A2C244E99E000CF3308 /* LaunchScreen.storyboard in Resources */ = {isa = PBXBuildFile; fileRef = FF9A0A2A244E99E000CF3308 /* LaunchScreen.storyboard */; };
		FF9A0A35244E9ED100CF3308 /* TopViewController.swift in Sources */ = {isa = PBXBuildFile; fileRef = FF9A0A33244E9ED100CF3308 /* TopViewController.swift */; };
		FF9A0A36244E9ED100CF3308 /* TopViewController.xib in Resources */ = {isa = PBXBuildFile; fileRef = FF9A0A34244E9ED100CF3308 /* TopViewController.xib */; };
		FF9A0A39244E9EFE00CF3308 /* TopMainView.swift in Sources */ = {isa = PBXBuildFile; fileRef = FF9A0A37244E9EFE00CF3308 /* TopMainView.swift */; };
		FF9A0A3A244E9EFE00CF3308 /* TopMainView.xib in Resources */ = {isa = PBXBuildFile; fileRef = FF9A0A38244E9EFE00CF3308 /* TopMainView.xib */; };
		FF9A0A3D244E9FDC00CF3308 /* MyPageViewController.swift in Sources */ = {isa = PBXBuildFile; fileRef = FF9A0A3B244E9FDC00CF3308 /* MyPageViewController.swift */; };
		FF9A0A3E244E9FDC00CF3308 /* MyPageViewController.xib in Resources */ = {isa = PBXBuildFile; fileRef = FF9A0A3C244E9FDC00CF3308 /* MyPageViewController.xib */; };
		FF9A0A41244EA00000CF3308 /* MyPageMainView.swift in Sources */ = {isa = PBXBuildFile; fileRef = FF9A0A3F244EA00000CF3308 /* MyPageMainView.swift */; };
		FF9A0A42244EA00000CF3308 /* MyPageMainView.xib in Resources */ = {isa = PBXBuildFile; fileRef = FF9A0A40244EA00000CF3308 /* MyPageMainView.xib */; };
		FF9A0A45244EA3C300CF3308 /* TopMainTableViewCell.swift in Sources */ = {isa = PBXBuildFile; fileRef = FF9A0A43244EA3C300CF3308 /* TopMainTableViewCell.swift */; };
		FF9A0A46244EA3C300CF3308 /* TopMainTableViewCell.xib in Resources */ = {isa = PBXBuildFile; fileRef = FF9A0A44244EA3C300CF3308 /* TopMainTableViewCell.xib */; };
		FF9A0A49244EB17D00CF3308 /* NextViewController.swift in Sources */ = {isa = PBXBuildFile; fileRef = FF9A0A47244EB17D00CF3308 /* NextViewController.swift */; };
		FF9A0A4A244EB17D00CF3308 /* NextViewController.xib in Resources */ = {isa = PBXBuildFile; fileRef = FF9A0A48244EB17D00CF3308 /* NextViewController.xib */; };
		FF9A0A4D244EB19C00CF3308 /* NextMainView.swift in Sources */ = {isa = PBXBuildFile; fileRef = FF9A0A4B244EB19C00CF3308 /* NextMainView.swift */; };
		FF9A0A4E244EB19C00CF3308 /* NextMainView.xib in Resources */ = {isa = PBXBuildFile; fileRef = FF9A0A4C244EB19C00CF3308 /* NextMainView.xib */; };
		FF9F8EA52450257300EF8ED8 /* NewPostViewController.swift in Sources */ = {isa = PBXBuildFile; fileRef = FF9F8EA32450257300EF8ED8 /* NewPostViewController.swift */; };
		FF9F8EA62450257300EF8ED8 /* NewPostViewController.xib in Resources */ = {isa = PBXBuildFile; fileRef = FF9F8EA42450257300EF8ED8 /* NewPostViewController.xib */; };
		FF9F8EA9245025A500EF8ED8 /* NewPostMainView.swift in Sources */ = {isa = PBXBuildFile; fileRef = FF9F8EA7245025A400EF8ED8 /* NewPostMainView.swift */; };
		FF9F8EAA245025A500EF8ED8 /* NewPostMainView.xib in Resources */ = {isa = PBXBuildFile; fileRef = FF9F8EA8245025A400EF8ED8 /* NewPostMainView.xib */; };
		FFBFA0E424502DAD00C9772F /* GoogleService-Info.plist in Resources */ = {isa = PBXBuildFile; fileRef = FFBFA0E324502DAD00C9772F /* GoogleService-Info.plist */; };
		FFBFA0E724502FC000C9772F /* PostModel.swift in Sources */ = {isa = PBXBuildFile; fileRef = FFBFA0E624502FC000C9772F /* PostModel.swift */; };
/* End PBXBuildFile section */

/* Begin PBXFileReference section */
		5A7360D8CB5C493D8F687197 /* Pods-Instagram.debug.xcconfig */ = {isa = PBXFileReference; includeInIndex = 1; lastKnownFileType = text.xcconfig; name = "Pods-Instagram.debug.xcconfig"; path = "Target Support Files/Pods-Instagram/Pods-Instagram.debug.xcconfig"; sourceTree = "<group>"; };
		85B05519F6E69CE7F7A1C80C /* Pods-Instagram.release.xcconfig */ = {isa = PBXFileReference; includeInIndex = 1; lastKnownFileType = text.xcconfig; name = "Pods-Instagram.release.xcconfig"; path = "Target Support Files/Pods-Instagram/Pods-Instagram.release.xcconfig"; sourceTree = "<group>"; };
		9BA9D8B3845E9BB5C3D1D6EC /* Pods_Instagram.framework */ = {isa = PBXFileReference; explicitFileType = wrapper.framework; includeInIndex = 0; path = Pods_Instagram.framework; sourceTree = BUILT_PRODUCTS_DIR; };
		FF9A0A1C244E99DE00CF3308 /* Instagram.app */ = {isa = PBXFileReference; explicitFileType = wrapper.application; includeInIndex = 0; path = Instagram.app; sourceTree = BUILT_PRODUCTS_DIR; };
		FF9A0A1F244E99DE00CF3308 /* AppDelegate.swift */ = {isa = PBXFileReference; lastKnownFileType = sourcecode.swift; path = AppDelegate.swift; sourceTree = "<group>"; };
		FF9A0A21244E99DE00CF3308 /* SceneDelegate.swift */ = {isa = PBXFileReference; lastKnownFileType = sourcecode.swift; path = SceneDelegate.swift; sourceTree = "<group>"; };
		FF9A0A26244E99DE00CF3308 /* Base */ = {isa = PBXFileReference; lastKnownFileType = file.storyboard; name = Base; path = Base.lproj/Main.storyboard; sourceTree = "<group>"; };
		FF9A0A28244E99E000CF3308 /* Assets.xcassets */ = {isa = PBXFileReference; lastKnownFileType = folder.assetcatalog; path = Assets.xcassets; sourceTree = "<group>"; };
		FF9A0A2B244E99E000CF3308 /* Base */ = {isa = PBXFileReference; lastKnownFileType = file.storyboard; name = Base; path = Base.lproj/LaunchScreen.storyboard; sourceTree = "<group>"; };
		FF9A0A2D244E99E000CF3308 /* Info.plist */ = {isa = PBXFileReference; lastKnownFileType = text.plist.xml; path = Info.plist; sourceTree = "<group>"; };
		FF9A0A33244E9ED100CF3308 /* TopViewController.swift */ = {isa = PBXFileReference; lastKnownFileType = sourcecode.swift; path = TopViewController.swift; sourceTree = "<group>"; };
		FF9A0A34244E9ED100CF3308 /* TopViewController.xib */ = {isa = PBXFileReference; lastKnownFileType = file.xib; path = TopViewController.xib; sourceTree = "<group>"; };
		FF9A0A37244E9EFE00CF3308 /* TopMainView.swift */ = {isa = PBXFileReference; lastKnownFileType = sourcecode.swift; path = TopMainView.swift; sourceTree = "<group>"; };
		FF9A0A38244E9EFE00CF3308 /* TopMainView.xib */ = {isa = PBXFileReference; lastKnownFileType = file.xib; path = TopMainView.xib; sourceTree = "<group>"; };
		FF9A0A3B244E9FDC00CF3308 /* MyPageViewController.swift */ = {isa = PBXFileReference; lastKnownFileType = sourcecode.swift; path = MyPageViewController.swift; sourceTree = "<group>"; };
		FF9A0A3C244E9FDC00CF3308 /* MyPageViewController.xib */ = {isa = PBXFileReference; lastKnownFileType = file.xib; path = MyPageViewController.xib; sourceTree = "<group>"; };
		FF9A0A3F244EA00000CF3308 /* MyPageMainView.swift */ = {isa = PBXFileReference; lastKnownFileType = sourcecode.swift; path = MyPageMainView.swift; sourceTree = "<group>"; };
		FF9A0A40244EA00000CF3308 /* MyPageMainView.xib */ = {isa = PBXFileReference; lastKnownFileType = file.xib; path = MyPageMainView.xib; sourceTree = "<group>"; };
		FF9A0A43244EA3C300CF3308 /* TopMainTableViewCell.swift */ = {isa = PBXFileReference; lastKnownFileType = sourcecode.swift; path = TopMainTableViewCell.swift; sourceTree = "<group>"; };
		FF9A0A44244EA3C300CF3308 /* TopMainTableViewCell.xib */ = {isa = PBXFileReference; lastKnownFileType = file.xib; path = TopMainTableViewCell.xib; sourceTree = "<group>"; };
		FF9A0A47244EB17D00CF3308 /* NextViewController.swift */ = {isa = PBXFileReference; lastKnownFileType = sourcecode.swift; path = NextViewController.swift; sourceTree = "<group>"; };
		FF9A0A48244EB17D00CF3308 /* NextViewController.xib */ = {isa = PBXFileReference; lastKnownFileType = file.xib; path = NextViewController.xib; sourceTree = "<group>"; };
		FF9A0A4B244EB19C00CF3308 /* NextMainView.swift */ = {isa = PBXFileReference; lastKnownFileType = sourcecode.swift; path = NextMainView.swift; sourceTree = "<group>"; };
		FF9A0A4C244EB19C00CF3308 /* NextMainView.xib */ = {isa = PBXFileReference; lastKnownFileType = file.xib; path = NextMainView.xib; sourceTree = "<group>"; };
		FF9F8EA32450257300EF8ED8 /* NewPostViewController.swift */ = {isa = PBXFileReference; lastKnownFileType = sourcecode.swift; path = NewPostViewController.swift; sourceTree = "<group>"; };
		FF9F8EA42450257300EF8ED8 /* NewPostViewController.xib */ = {isa = PBXFileReference; lastKnownFileType = file.xib; path = NewPostViewController.xib; sourceTree = "<group>"; };
		FF9F8EA7245025A400EF8ED8 /* NewPostMainView.swift */ = {isa = PBXFileReference; lastKnownFileType = sourcecode.swift; path = NewPostMainView.swift; sourceTree = "<group>"; };
		FF9F8EA8245025A400EF8ED8 /* NewPostMainView.xib */ = {isa = PBXFileReference; lastKnownFileType = file.xib; path = NewPostMainView.xib; sourceTree = "<group>"; };
		FFBFA0E324502DAD00C9772F /* GoogleService-Info.plist */ = {isa = PBXFileReference; fileEncoding = 4; lastKnownFileType = text.plist.xml; path = "GoogleService-Info.plist"; sourceTree = "<group>"; };
		FFBFA0E624502FC000C9772F /* PostModel.swift */ = {isa = PBXFileReference; lastKnownFileType = sourcecode.swift; path = PostModel.swift; sourceTree = "<group>"; };
/* End PBXFileReference section */

/* Begin PBXFrameworksBuildPhase section */
		FF9A0A19244E99DE00CF3308 /* Frameworks */ = {
			isa = PBXFrameworksBuildPhase;
			buildActionMask = 2147483647;
			files = (
				1F617ECA5BF080471668983A /* Pods_Instagram.framework in Frameworks */,
			);
			runOnlyForDeploymentPostprocessing = 0;
		};
/* End PBXFrameworksBuildPhase section */

/* Begin PBXGroup section */
		D23728D21F7D375F4E66EE05 /* Frameworks */ = {
			isa = PBXGroup;
			children = (
				9BA9D8B3845E9BB5C3D1D6EC /* Pods_Instagram.framework */,
			);
			name = Frameworks;
			sourceTree = "<group>";
		};
		F28AF0C235D65E67620435ED /* Pods */ = {
			isa = PBXGroup;
			children = (
				5A7360D8CB5C493D8F687197 /* Pods-Instagram.debug.xcconfig */,
				85B05519F6E69CE7F7A1C80C /* Pods-Instagram.release.xcconfig */,
			);
			path = Pods;
			sourceTree = "<group>";
		};
		FF9A0A13244E99DE00CF3308 = {
			isa = PBXGroup;
			children = (
				FF9A0A1E244E99DE00CF3308 /* Instagram */,
				FF9A0A1D244E99DE00CF3308 /* Products */,
				F28AF0C235D65E67620435ED /* Pods */,
				D23728D21F7D375F4E66EE05 /* Frameworks */,
			);
			sourceTree = "<group>";
		};
		FF9A0A1D244E99DE00CF3308 /* Products */ = {
			isa = PBXGroup;
			children = (
				FF9A0A1C244E99DE00CF3308 /* Instagram.app */,
			);
			name = Products;
			sourceTree = "<group>";
		};
		FF9A0A1E244E99DE00CF3308 /* Instagram */ = {
			isa = PBXGroup;
			children = (
				FFBFA0E524502FA900C9772F /* Model */,
				FF9F8EA22450255600EF8ED8 /* NewPost */,
				FF9A0A52244EC40700CF3308 /* MyPage */,
				FF9A0A51244EC40100CF3308 /* Next */,
				FF9A0A50244EC3F000CF3308 /* Top */,
				FF9A0A1F244E99DE00CF3308 /* AppDelegate.swift */,
				FF9A0A21244E99DE00CF3308 /* SceneDelegate.swift */,
				FF9A0A25244E99DE00CF3308 /* Main.storyboard */,
				FF9A0A28244E99E000CF3308 /* Assets.xcassets */,
				FF9A0A2A244E99E000CF3308 /* LaunchScreen.storyboard */,
				FF9A0A2D244E99E000CF3308 /* Info.plist */,
				FFBFA0E324502DAD00C9772F /* GoogleService-Info.plist */,
			);
			path = Instagram;
			sourceTree = "<group>";
		};
		FF9A0A50244EC3F000CF3308 /* Top */ = {
			isa = PBXGroup;
			children = (
				FF9A0A43244EA3C300CF3308 /* TopMainTableViewCell.swift */,
				FF9A0A44244EA3C300CF3308 /* TopMainTableViewCell.xib */,
				FF9A0A33244E9ED100CF3308 /* TopViewController.swift */,
				FF9A0A34244E9ED100CF3308 /* TopViewController.xib */,
				FF9A0A37244E9EFE00CF3308 /* TopMainView.swift */,
				FF9A0A38244E9EFE00CF3308 /* TopMainView.xib */,
			);
			path = Top;
			sourceTree = "<group>";
		};
		FF9A0A51244EC40100CF3308 /* Next */ = {
			isa = PBXGroup;
			children = (
				FF9A0A47244EB17D00CF3308 /* NextViewController.swift */,
				FF9A0A48244EB17D00CF3308 /* NextViewController.xib */,
				FF9A0A4B244EB19C00CF3308 /* NextMainView.swift */,
				FF9A0A4C244EB19C00CF3308 /* NextMainView.xib */,
			);
			path = Next;
			sourceTree = "<group>";
		};
		FF9A0A52244EC40700CF3308 /* MyPage */ = {
			isa = PBXGroup;
			children = (
				FF9A0A3B244E9FDC00CF3308 /* MyPageViewController.swift */,
				FF9A0A3C244E9FDC00CF3308 /* MyPageViewController.xib */,
				FF9A0A3F244EA00000CF3308 /* MyPageMainView.swift */,
				FF9A0A40244EA00000CF3308 /* MyPageMainView.xib */,
			);
			path = MyPage;
			sourceTree = "<group>";
		};
		FF9F8EA22450255600EF8ED8 /* NewPost */ = {
			isa = PBXGroup;
			children = (
				FF9F8EA32450257300EF8ED8 /* NewPostViewController.swift */,
				FF9F8EA42450257300EF8ED8 /* NewPostViewController.xib */,
				FF9F8EA7245025A400EF8ED8 /* NewPostMainView.swift */,
				FF9F8EA8245025A400EF8ED8 /* NewPostMainView.xib */,
			);
			path = NewPost;
			sourceTree = "<group>";
		};
		FFBFA0E524502FA900C9772F /* Model */ = {
			isa = PBXGroup;
			children = (
				FFBFA0E624502FC000C9772F /* PostModel.swift */,
			);
			path = Model;
			sourceTree = "<group>";
		};
/* End PBXGroup section */

/* Begin PBXNativeTarget section */
		FF9A0A1B244E99DE00CF3308 /* Instagram */ = {
			isa = PBXNativeTarget;
			buildConfigurationList = FF9A0A30244E99E000CF3308 /* Build configuration list for PBXNativeTarget "Instagram" */;
			buildPhases = (
				DCD09C34863B549A2ABCD07B /* [CP] Check Pods Manifest.lock */,
				FF9A0A18244E99DE00CF3308 /* Sources */,
				FF9A0A19244E99DE00CF3308 /* Frameworks */,
				FF9A0A1A244E99DE00CF3308 /* Resources */,
				C291195EEB9A6067DECB914A /* [CP] Embed Pods Frameworks */,
			);
			buildRules = (
			);
			dependencies = (
			);
			name = Instagram;
			productName = Instagram;
			productReference = FF9A0A1C244E99DE00CF3308 /* Instagram.app */;
			productType = "com.apple.product-type.application";
		};
/* End PBXNativeTarget section */

/* Begin PBXProject section */
		FF9A0A14244E99DE00CF3308 /* Project object */ = {
			isa = PBXProject;
			attributes = {
				LastSwiftUpdateCheck = 1140;
				LastUpgradeCheck = 1140;
				ORGANIZATIONNAME = "ASW-研修１";
				TargetAttributes = {
					FF9A0A1B244E99DE00CF3308 = {
						CreatedOnToolsVersion = 11.4;
					};
				};
			};
			buildConfigurationList = FF9A0A17244E99DE00CF3308 /* Build configuration list for PBXProject "Instagram" */;
			compatibilityVersion = "Xcode 9.3";
			developmentRegion = en;
			hasScannedForEncodings = 0;
			knownRegions = (
				en,
				Base,
			);
			mainGroup = FF9A0A13244E99DE00CF3308;
			productRefGroup = FF9A0A1D244E99DE00CF3308 /* Products */;
			projectDirPath = "";
			projectRoot = "";
			targets = (
				FF9A0A1B244E99DE00CF3308 /* Instagram */,
			);
		};
/* End PBXProject section */

/* Begin PBXResourcesBuildPhase section */
		FF9A0A1A244E99DE00CF3308 /* Resources */ = {
			isa = PBXResourcesBuildPhase;
			buildActionMask = 2147483647;
			files = (
				FFBFA0E424502DAD00C9772F /* GoogleService-Info.plist in Resources */,
				FF9A0A3A244E9EFE00CF3308 /* TopMainView.xib in Resources */,
				FF9F8EA62450257300EF8ED8 /* NewPostViewController.xib in Resources */,
				FF9A0A36244E9ED100CF3308 /* TopViewController.xib in Resources */,
				FF9A0A2C244E99E000CF3308 /* LaunchScreen.storyboard in Resources */,
				FF9A0A29244E99E000CF3308 /* Assets.xcassets in Resources */,
				FF9A0A46244EA3C300CF3308 /* TopMainTableViewCell.xib in Resources */,
				FF9A0A42244EA00000CF3308 /* MyPageMainView.xib in Resources */,
				FF9A0A4A244EB17D00CF3308 /* NextViewController.xib in Resources */,
				FF9F8EAA245025A500EF8ED8 /* NewPostMainView.xib in Resources */,
				FF9A0A27244E99DE00CF3308 /* Main.storyboard in Resources */,
				FF9A0A4E244EB19C00CF3308 /* NextMainView.xib in Resources */,
				FF9A0A3E244E9FDC00CF3308 /* MyPageViewController.xib in Resources */,
			);
			runOnlyForDeploymentPostprocessing = 0;
		};
/* End PBXResourcesBuildPhase section */

/* Begin PBXShellScriptBuildPhase section */
		C291195EEB9A6067DECB914A /* [CP] Embed Pods Frameworks */ = {
			isa = PBXShellScriptBuildPhase;
			buildActionMask = 2147483647;
			files = (
			);
			inputFileListPaths = (
				"${PODS_ROOT}/Target Support Files/Pods-Instagram/Pods-Instagram-frameworks-${CONFIGURATION}-input-files.xcfilelist",
			);
			name = "[CP] Embed Pods Frameworks";
			outputFileListPaths = (
				"${PODS_ROOT}/Target Support Files/Pods-Instagram/Pods-Instagram-frameworks-${CONFIGURATION}-output-files.xcfilelist",
			);
			runOnlyForDeploymentPostprocessing = 0;
			shellPath = /bin/sh;
			shellScript = "\"${PODS_ROOT}/Target Support Files/Pods-Instagram/Pods-Instagram-frameworks.sh\"\n";
			showEnvVarsInLog = 0;
		};
		DCD09C34863B549A2ABCD07B /* [CP] Check Pods Manifest.lock */ = {
			isa = PBXShellScriptBuildPhase;
			buildActionMask = 2147483647;
			files = (
			);
			inputFileListPaths = (
			);
			inputPaths = (
				"${PODS_PODFILE_DIR_PATH}/Podfile.lock",
				"${PODS_ROOT}/Manifest.lock",
			);
			name = "[CP] Check Pods Manifest.lock";
			outputFileListPaths = (
			);
			outputPaths = (
				"$(DERIVED_FILE_DIR)/Pods-Instagram-checkManifestLockResult.txt",
			);
			runOnlyForDeploymentPostprocessing = 0;
			shellPath = /bin/sh;
			shellScript = "diff \"${PODS_PODFILE_DIR_PATH}/Podfile.lock\" \"${PODS_ROOT}/Manifest.lock\" > /dev/null\nif [ $? != 0 ] ; then\n    # print error to STDERR\n    echo \"error: The sandbox is not in sync with the Podfile.lock. Run 'pod install' or update your CocoaPods installation.\" >&2\n    exit 1\nfi\n# This output is used by Xcode 'outputs' to avoid re-running this script phase.\necho \"SUCCESS\" > \"${SCRIPT_OUTPUT_FILE_0}\"\n";
			showEnvVarsInLog = 0;
		};
/* End PBXShellScriptBuildPhase section */

/* Begin PBXSourcesBuildPhase section */
		FF9A0A18244E99DE00CF3308 /* Sources */ = {
			isa = PBXSourcesBuildPhase;
			buildActionMask = 2147483647;
			files = (
				FF9A0A45244EA3C300CF3308 /* TopMainTableViewCell.swift in Sources */,
				FFBFA0E724502FC000C9772F /* PostModel.swift in Sources */,
				FF9A0A49244EB17D00CF3308 /* NextViewController.swift in Sources */,
				FF9A0A41244EA00000CF3308 /* MyPageMainView.swift in Sources */,
				FF9A0A3D244E9FDC00CF3308 /* MyPageViewController.swift in Sources */,
				FF9A0A4D244EB19C00CF3308 /* NextMainView.swift in Sources */,
				FF9F8EA9245025A500EF8ED8 /* NewPostMainView.swift in Sources */,
				FF9A0A35244E9ED100CF3308 /* TopViewController.swift in Sources */,
				FF9A0A20244E99DE00CF3308 /* AppDelegate.swift in Sources */,
				FF9A0A22244E99DE00CF3308 /* SceneDelegate.swift in Sources */,
				FF9A0A39244E9EFE00CF3308 /* TopMainView.swift in Sources */,
				FF9F8EA52450257300EF8ED8 /* NewPostViewController.swift in Sources */,
			);
			runOnlyForDeploymentPostprocessing = 0;
		};
/* End PBXSourcesBuildPhase section */

/* Begin PBXVariantGroup section */
		FF9A0A25244E99DE00CF3308 /* Main.storyboard */ = {
			isa = PBXVariantGroup;
			children = (
				FF9A0A26244E99DE00CF3308 /* Base */,
			);
			name = Main.storyboard;
			sourceTree = "<group>";
		};
		FF9A0A2A244E99E000CF3308 /* LaunchScreen.storyboard */ = {
			isa = PBXVariantGroup;
			children = (
				FF9A0A2B244E99E000CF3308 /* Base */,
			);
			name = LaunchScreen.storyboard;
			sourceTree = "<group>";
		};
/* End PBXVariantGroup section */

/* Begin XCBuildConfiguration section */
		FF9A0A2E244E99E000CF3308 /* Debug */ = {
			isa = XCBuildConfiguration;
			buildSettings = {
				ALWAYS_SEARCH_USER_PATHS = NO;
				CLANG_ANALYZER_NONNULL = YES;
				CLANG_ANALYZER_NUMBER_OBJECT_CONVERSION = YES_AGGRESSIVE;
				CLANG_CXX_LANGUAGE_STANDARD = "gnu++14";
				CLANG_CXX_LIBRARY = "libc++";
				CLANG_ENABLE_MODULES = YES;
				CLANG_ENABLE_OBJC_ARC = YES;
				CLANG_ENABLE_OBJC_WEAK = YES;
				CLANG_WARN_BLOCK_CAPTURE_AUTORELEASING = YES;
				CLANG_WARN_BOOL_CONVERSION = YES;
				CLANG_WARN_COMMA = YES;
				CLANG_WARN_CONSTANT_CONVERSION = YES;
				CLANG_WARN_DEPRECATED_OBJC_IMPLEMENTATIONS = YES;
				CLANG_WARN_DIRECT_OBJC_ISA_USAGE = YES_ERROR;
				CLANG_WARN_DOCUMENTATION_COMMENTS = YES;
				CLANG_WARN_EMPTY_BODY = YES;
				CLANG_WARN_ENUM_CONVERSION = YES;
				CLANG_WARN_INFINITE_RECURSION = YES;
				CLANG_WARN_INT_CONVERSION = YES;
				CLANG_WARN_NON_LITERAL_NULL_CONVERSION = YES;
				CLANG_WARN_OBJC_IMPLICIT_RETAIN_SELF = YES;
				CLANG_WARN_OBJC_LITERAL_CONVERSION = YES;
				CLANG_WARN_OBJC_ROOT_CLASS = YES_ERROR;
				CLANG_WARN_RANGE_LOOP_ANALYSIS = YES;
				CLANG_WARN_STRICT_PROTOTYPES = YES;
				CLANG_WARN_SUSPICIOUS_MOVE = YES;
				CLANG_WARN_UNGUARDED_AVAILABILITY = YES_AGGRESSIVE;
				CLANG_WARN_UNREACHABLE_CODE = YES;
				CLANG_WARN__DUPLICATE_METHOD_MATCH = YES;
				COPY_PHASE_STRIP = NO;
				DEBUG_INFORMATION_FORMAT = dwarf;
				ENABLE_STRICT_OBJC_MSGSEND = YES;
				ENABLE_TESTABILITY = YES;
				GCC_C_LANGUAGE_STANDARD = gnu11;
				GCC_DYNAMIC_NO_PIC = NO;
				GCC_NO_COMMON_BLOCKS = YES;
				GCC_OPTIMIZATION_LEVEL = 0;
				GCC_PREPROCESSOR_DEFINITIONS = (
					"DEBUG=1",
					"$(inherited)",
				);
				GCC_WARN_64_TO_32_BIT_CONVERSION = YES;
				GCC_WARN_ABOUT_RETURN_TYPE = YES_ERROR;
				GCC_WARN_UNDECLARED_SELECTOR = YES;
				GCC_WARN_UNINITIALIZED_AUTOS = YES_AGGRESSIVE;
				GCC_WARN_UNUSED_FUNCTION = YES;
				GCC_WARN_UNUSED_VARIABLE = YES;
				IPHONEOS_DEPLOYMENT_TARGET = 13.4;
				MTL_ENABLE_DEBUG_INFO = INCLUDE_SOURCE;
				MTL_FAST_MATH = YES;
				ONLY_ACTIVE_ARCH = YES;
				SDKROOT = iphoneos;
				SWIFT_ACTIVE_COMPILATION_CONDITIONS = DEBUG;
				SWIFT_OPTIMIZATION_LEVEL = "-Onone";
			};
			name = Debug;
		};
		FF9A0A2F244E99E000CF3308 /* Release */ = {
			isa = XCBuildConfiguration;
			buildSettings = {
				ALWAYS_SEARCH_USER_PATHS = NO;
				CLANG_ANALYZER_NONNULL = YES;
				CLANG_ANALYZER_NUMBER_OBJECT_CONVERSION = YES_AGGRESSIVE;
				CLANG_CXX_LANGUAGE_STANDARD = "gnu++14";
				CLANG_CXX_LIBRARY = "libc++";
				CLANG_ENABLE_MODULES = YES;
				CLANG_ENABLE_OBJC_ARC = YES;
				CLANG_ENABLE_OBJC_WEAK = YES;
				CLANG_WARN_BLOCK_CAPTURE_AUTORELEASING = YES;
				CLANG_WARN_BOOL_CONVERSION = YES;
				CLANG_WARN_COMMA = YES;
				CLANG_WARN_CONSTANT_CONVERSION = YES;
				CLANG_WARN_DEPRECATED_OBJC_IMPLEMENTATIONS = YES;
				CLANG_WARN_DIRECT_OBJC_ISA_USAGE = YES_ERROR;
				CLANG_WARN_DOCUMENTATION_COMMENTS = YES;
				CLANG_WARN_EMPTY_BODY = YES;
				CLANG_WARN_ENUM_CONVERSION = YES;
				CLANG_WARN_INFINITE_RECURSION = YES;
				CLANG_WARN_INT_CONVERSION = YES;
				CLANG_WARN_NON_LITERAL_NULL_CONVERSION = YES;
				CLANG_WARN_OBJC_IMPLICIT_RETAIN_SELF = YES;
				CLANG_WARN_OBJC_LITERAL_CONVERSION = YES;
				CLANG_WARN_OBJC_ROOT_CLASS = YES_ERROR;
				CLANG_WARN_RANGE_LOOP_ANALYSIS = YES;
				CLANG_WARN_STRICT_PROTOTYPES = YES;
				CLANG_WARN_SUSPICIOUS_MOVE = YES;
				CLANG_WARN_UNGUARDED_AVAILABILITY = YES_AGGRESSIVE;
				CLANG_WARN_UNREACHABLE_CODE = YES;
				CLANG_WARN__DUPLICATE_METHOD_MATCH = YES;
				COPY_PHASE_STRIP = NO;
				DEBUG_INFORMATION_FORMAT = "dwarf-with-dsym";
				ENABLE_NS_ASSERTIONS = NO;
				ENABLE_STRICT_OBJC_MSGSEND = YES;
				GCC_C_LANGUAGE_STANDARD = gnu11;
				GCC_NO_COMMON_BLOCKS = YES;
				GCC_WARN_64_TO_32_BIT_CONVERSION = YES;
				GCC_WARN_ABOUT_RETURN_TYPE = YES_ERROR;
				GCC_WARN_UNDECLARED_SELECTOR = YES;
				GCC_WARN_UNINITIALIZED_AUTOS = YES_AGGRESSIVE;
				GCC_WARN_UNUSED_FUNCTION = YES;
				GCC_WARN_UNUSED_VARIABLE = YES;
				IPHONEOS_DEPLOYMENT_TARGET = 13.4;
				MTL_ENABLE_DEBUG_INFO = NO;
				MTL_FAST_MATH = YES;
				SDKROOT = iphoneos;
				SWIFT_COMPILATION_MODE = wholemodule;
				SWIFT_OPTIMIZATION_LEVEL = "-O";
				VALIDATE_PRODUCT = YES;
			};
			name = Release;
		};
		FF9A0A31244E99E000CF3308 /* Debug */ = {
			isa = XCBuildConfiguration;
			baseConfigurationReference = 5A7360D8CB5C493D8F687197 /* Pods-Instagram.debug.xcconfig */;
			buildSettings = {
				ASSETCATALOG_COMPILER_APPICON_NAME = AppIcon;
				CODE_SIGN_STYLE = Automatic;
				DEVELOPMENT_TEAM = G5J9CUPJ27;
				INFOPLIST_FILE = Instagram/Info.plist;
				LD_RUNPATH_SEARCH_PATHS = (
					"$(inherited)",
					"@executable_path/Frameworks",
				);
				PRODUCT_BUNDLE_IDENTIFIER = "asw-ink.Instagram";
				PRODUCT_NAME = "$(TARGET_NAME)";
				SWIFT_VERSION = 5.0;
				TARGETED_DEVICE_FAMILY = "1,2";
			};
			name = Debug;
		};
		FF9A0A32244E99E000CF3308 /* Release */ = {
			isa = XCBuildConfiguration;
			baseConfigurationReference = 85B05519F6E69CE7F7A1C80C /* Pods-Instagram.release.xcconfig */;
			buildSettings = {
				ASSETCATALOG_COMPILER_APPICON_NAME = AppIcon;
				CODE_SIGN_STYLE = Automatic;
				DEVELOPMENT_TEAM = G5J9CUPJ27;
				INFOPLIST_FILE = Instagram/Info.plist;
				LD_RUNPATH_SEARCH_PATHS = (
					"$(inherited)",
					"@executable_path/Frameworks",
				);
				PRODUCT_BUNDLE_IDENTIFIER = "asw-ink.Instagram";
				PRODUCT_NAME = "$(TARGET_NAME)";
				SWIFT_VERSION = 5.0;
				TARGETED_DEVICE_FAMILY = "1,2";
			};
			name = Release;
		};
/* End XCBuildConfiguration section */

/* Begin XCConfigurationList section */
		FF9A0A17244E99DE00CF3308 /* Build configuration list for PBXProject "Instagram" */ = {
			isa = XCConfigurationList;
			buildConfigurations = (
				FF9A0A2E244E99E000CF3308 /* Debug */,
				FF9A0A2F244E99E000CF3308 /* Release */,
			);
			defaultConfigurationIsVisible = 0;
			defaultConfigurationName = Release;
		};
		FF9A0A30244E99E000CF3308 /* Build configuration list for PBXNativeTarget "Instagram" */ = {
			isa = XCConfigurationList;
			buildConfigurations = (
				FF9A0A31244E99E000CF3308 /* Debug */,
				FF9A0A32244E99E000CF3308 /* Release */,
			);
			defaultConfigurationIsVisible = 0;
			defaultConfigurationName = Release;
		};
/* End XCConfigurationList section */
	};
	rootObject = FF9A0A14244E99DE00CF3308 /* Project object */;
}
